
Microsoft Visual Studio Solution File, Format Version 12.00
# Visual Studio Version 16
VisualStudioVersion = 16.0.31112.23
MinimumVisualStudioVersion = 10.0.40219.1
Project("{9A19103F-16F7-4668-BE54-9A1E7A4F7556}") = "SportsHubBL", "SportsHubBL\SportsHubBL.csproj", "{84EF1C50-84BD-4788-9C4D-35F896380D94}"
EndProject
Project("{9A19103F-16F7-4668-BE54-9A1E7A4F7556}") = "SportsHubDAL", "SportsHubDAL\SportsHubDAL.csproj", "{3947FB2F-B28B-4DDE-A5D1-7BD4BB9142ED}"
EndProject
Project("{9A19103F-16F7-4668-BE54-9A1E7A4F7556}") = "SportsHubWEB", "SportsHubWEB\SportsHubWEB.csproj", "{5C088DC9-201E-4636-B213-B2EF0F073AAF}"
EndProject
Global
	GlobalSection(SolutionConfigurationPlatforms) = preSolution
		Debug|Any CPU = Debug|Any CPU
		Release|Any CPU = Release|Any CPU
	EndGlobalSection
	GlobalSection(ProjectConfigurationPlatforms) = postSolution
		{84EF1C50-84BD-4788-9C4D-35F896380D94}.Debug|Any CPU.ActiveCfg = Debug|Any CPU
		{84EF1C50-84BD-4788-9C4D-35F896380D94}.Debug|Any CPU.Build.0 = Debug|Any CPU
		{84EF1C50-84BD-4788-9C4D-35F896380D94}.Release|Any CPU.ActiveCfg = Release|Any CPU
		{84EF1C50-84BD-4788-9C4D-35F896380D94}.Release|Any CPU.Build.0 = Release|Any CPU
		{3947FB2F-B28B-4DDE-A5D1-7BD4BB9142ED}.Debug|Any CPU.ActiveCfg = Debug|Any CPU
		{3947FB2F-B28B-4DDE-A5D1-7BD4BB9142ED}.Debug|Any CPU.Build.0 = Debug|Any CPU
		{3947FB2F-B28B-4DDE-A5D1-7BD4BB9142ED}.Release|Any CPU.ActiveCfg = Release|Any CPU
		{3947FB2F-B28B-4DDE-A5D1-7BD4BB9142ED}.Release|Any CPU.Build.0 = Release|Any CPU
		{5C088DC9-201E-4636-B213-B2EF0F073AAF}.Debug|Any CPU.ActiveCfg = Debug|Any CPU
		{5C088DC9-201E-4636-B213-B2EF0F073AAF}.Debug|Any CPU.Build.0 = Debug|Any CPU
		{5C088DC9-201E-4636-B213-B2EF0F073AAF}.Release|Any CPU.ActiveCfg = Release|Any CPU
		{5C088DC9-201E-4636-B213-B2EF0F073AAF}.Release|Any CPU.Build.0 = Release|Any CPU
	EndGlobalSection
	GlobalSection(SolutionProperties) = preSolution
		HideSolutionNode = FALSE
	EndGlobalSection
	GlobalSection(ExtensibilityGlobals) = postSolution
		SolutionGuid = {C5B1D7BA-2C64-45B5-AB62-014587D2DC11}
	EndGlobalSection
EndGlobal
